// !$*UTF8*$!
{
	archiveVersion = 1;
	classes = {
	};
	objectVersion = 77;
	objects = {

/* Begin PBXContainerItemProxy section */
		DC4082252D56A963006D1AC0 /* PBXContainerItemProxy */ = {
			isa = PBXContainerItemProxy;
			containerPortal = DC40820A2D56A961006D1AC0 /* Project object */;
			proxyType = 1;
			remoteGlobalIDString = DC4082112D56A961006D1AC0;
			remoteInfo = Paradigmatic;
		};
		DC40822F2D56A963006D1AC0 /* PBXContainerItemProxy */ = {
			isa = PBXContainerItemProxy;
			containerPortal = DC40820A2D56A961006D1AC0 /* Project object */;
			proxyType = 1;
			remoteGlobalIDString = DC4082112D56A961006D1AC0;
			remoteInfo = Paradigmatic;
		};
/* End PBXContainerItemProxy section */

/* Begin PBXFileReference section */
		DC4082122D56A961006D1AC0 /* Paradigmatic.app */ = {isa = PBXFileReference; explicitFileType = wrapper.application; includeInIndex = 0; path = Paradigmatic.app; sourceTree = BUILT_PRODUCTS_DIR; };
		DC4082242D56A963006D1AC0 /* ParadigmaticTests.xctest */ = {isa = PBXFileReference; explicitFileType = wrapper.cfbundle; includeInIndex = 0; path = ParadigmaticTests.xctest; sourceTree = BUILT_PRODUCTS_DIR; };
		DC40822E2D56A963006D1AC0 /* ParadigmaticUITests.xctest */ = {isa = PBXFileReference; explicitFileType = wrapper.cfbundle; includeInIndex = 0; path = ParadigmaticUITests.xctest; sourceTree = BUILT_PRODUCTS_DIR; };
/* End PBXFileReference section */

/* Begin PBXFileSystemSynchronizedBuildFileExceptionSet section */
		DC78FCD32E3BD62F00C067F9 /* Exceptions for "Paradigmatic" folder in "ParadigmaticTests" target */ = {
			isa = PBXFileSystemSynchronizedBuildFileExceptionSet;
			membershipExceptions = (
				Resources/landmarkdata.json,
			);
			target = DC4082232D56A963006D1AC0 /* ParadigmaticTests */;
		};
		DC78FCD42E3BD62F00C067F9 /* Exceptions for "Paradigmatic" folder in "ParadigmaticUITests" target */ = {
			isa = PBXFileSystemSynchronizedBuildFileExceptionSet;
			membershipExceptions = (
				Resources/landmarkdata.json,
			);
			target = DC40822D2D56A963006D1AC0 /* ParadigmaticUITests */;
		};
/* End PBXFileSystemSynchronizedBuildFileExceptionSet section */

/* Begin PBXFileSystemSynchronizedRootGroup section */
		DC4082142D56A961006D1AC0 /* Paradigmatic */ = {
			isa = PBXFileSystemSynchronizedRootGroup;
			exceptions = (
				DC78FCD32E3BD62F00C067F9 /* Exceptions for "Paradigmatic" folder in "ParadigmaticTests" target */,
				DC78FCD42E3BD62F00C067F9 /* Exceptions for "Paradigmatic" folder in "ParadigmaticUITests" target */,
			);
			path = Paradigmatic;
			sourceTree = "<group>";
		};
		DC4082272D56A963006D1AC0 /* ParadigmaticTests */ = {
			isa = PBXFileSystemSynchronizedRootGroup;
			path = ParadigmaticTests;
			sourceTree = "<group>";
		};
		DC4082312D56A963006D1AC0 /* ParadigmaticUITests */ = {
			isa = PBXFileSystemSynchronizedRootGroup;
			path = ParadigmaticUITests;
			sourceTree = "<group>";
		};
/* End PBXFileSystemSynchronizedRootGroup section */

/* Begin PBXFrameworksBuildPhase section */
		DC40820F2D56A961006D1AC0 /* Frameworks */ = {
			isa = PBXFrameworksBuildPhase;
			buildActionMask = 2147483647;
			files = (
			);
			runOnlyForDeploymentPostprocessing = 0;
		};
		DC4082212D56A963006D1AC0 /* Frameworks */ = {
			isa = PBXFrameworksBuildPhase;
			buildActionMask = 2147483647;
			files = (
			);
			runOnlyForDeploymentPostprocessing = 0;
		};
		DC40822B2D56A963006D1AC0 /* Frameworks */ = {
			isa = PBXFrameworksBuildPhase;
			buildActionMask = 2147483647;
			files = (
			);
			runOnlyForDeploymentPostprocessing = 0;
		};
/* End PBXFrameworksBuildPhase section */

/* Begin PBXGroup section */
		DC4082092D56A961006D1AC0 = {
			isa = PBXGroup;
			children = (
				DC4082142D56A961006D1AC0 /* Paradigmatic */,
				DC4082272D56A963006D1AC0 /* ParadigmaticTests */,
				DC4082312D56A963006D1AC0 /* ParadigmaticUITests */,
				DC4082132D56A961006D1AC0 /* Products */,
			);
			sourceTree = "<group>";
		};
		DC4082132D56A961006D1AC0 /* Products */ = {
			isa = PBXGroup;
			children = (
				DC4082122D56A961006D1AC0 /* Paradigmatic.app */,
				DC4082242D56A963006D1AC0 /* ParadigmaticTests.xctest */,
				DC40822E2D56A963006D1AC0 /* ParadigmaticUITests.xctest */,
			);
			name = Products;
			sourceTree = "<group>";
		};
/* End PBXGroup section */

/* Begin PBXNativeTarget section */
		DC4082112D56A961006D1AC0 /* Paradigmatic */ = {
			isa = PBXNativeTarget;
			buildConfigurationList = DC4082382D56A963006D1AC0 /* Build configuration list for PBXNativeTarget "Paradigmatic" */;
			buildPhases = (
				DC40820E2D56A961006D1AC0 /* Sources */,
				DC40820F2D56A961006D1AC0 /* Frameworks */,
				DC4082102D56A961006D1AC0 /* Resources */,
			);
			buildRules = (
			);
			dependencies = (
			);
			fileSystemSynchronizedGroups = (
				DC4082142D56A961006D1AC0 /* Paradigmatic */,
			);
			name = Paradigmatic;
			packageProductDependencies = (
			);
			productName = Paradigmatic;
			productReference = DC4082122D56A961006D1AC0 /* Paradigmatic.app */;
			productType = "com.apple.product-type.application";
		};
		DC4082232D56A963006D1AC0 /* ParadigmaticTests */ = {
			isa = PBXNativeTarget;
			buildConfigurationList = DC40823B2D56A963006D1AC0 /* Build configuration list for PBXNativeTarget "ParadigmaticTests" */;
			buildPhases = (
				DC4082202D56A963006D1AC0 /* Sources */,
				DC4082212D56A963006D1AC0 /* Frameworks */,
				DC4082222D56A963006D1AC0 /* Resources */,
			);
			buildRules = (
			);
			dependencies = (
				DC4082262D56A963006D1AC0 /* PBXTargetDependency */,
			);
			fileSystemSynchronizedGroups = (
				DC4082272D56A963006D1AC0 /* ParadigmaticTests */,
			);
			name = ParadigmaticTests;
			packageProductDependencies = (
			);
			productName = ParadigmaticTests;
			productReference = DC4082242D56A963006D1AC0 /* ParadigmaticTests.xctest */;
			productType = "com.apple.product-type.bundle.unit-test";
		};
		DC40822D2D56A963006D1AC0 /* ParadigmaticUITests */ = {
			isa = PBXNativeTarget;
			buildConfigurationList = DC40823E2D56A963006D1AC0 /* Build configuration list for PBXNativeTarget "ParadigmaticUITests" */;
			buildPhases = (
				DC40822A2D56A963006D1AC0 /* Sources */,
				DC40822B2D56A963006D1AC0 /* Frameworks */,
				DC40822C2D56A963006D1AC0 /* Resources */,
			);
			buildRules = (
			);
			dependencies = (
				DC4082302D56A963006D1AC0 /* PBXTargetDependency */,
			);
			fileSystemSynchronizedGroups = (
				DC4082312D56A963006D1AC0 /* ParadigmaticUITests */,
			);
			name = ParadigmaticUITests;
			packageProductDependencies = (
			);
			productName = ParadigmaticUITests;
			productReference = DC40822E2D56A963006D1AC0 /* ParadigmaticUITests.xctest */;
			productType = "com.apple.product-type.bundle.ui-testing";
		};
/* End PBXNativeTarget section */

/* Begin PBXProject section */
		DC40820A2D56A961006D1AC0 /* Project object */ = {
			isa = PBXProject;
			attributes = {
				BuildIndependentTargetsInParallel = 1;
				LastSwiftUpdateCheck = 1620;
				LastUpgradeCheck = 1620;
				TargetAttributes = {
					DC4082112D56A961006D1AC0 = {
						CreatedOnToolsVersion = 16.2;
					};
					DC4082232D56A963006D1AC0 = {
						CreatedOnToolsVersion = 16.2;
						TestTargetID = DC4082112D56A961006D1AC0;
					};
					DC40822D2D56A963006D1AC0 = {
						CreatedOnToolsVersion = 16.2;
						TestTargetID = DC4082112D56A961006D1AC0;
					};
				};
			};
			buildConfigurationList = DC40820D2D56A961006D1AC0 /* Build configuration list for PBXProject "Paradigmatic" */;
			developmentRegion = en;
			hasScannedForEncodings = 0;
			knownRegions = (
				en,
				Base,
			);
			mainGroup = DC4082092D56A961006D1AC0;
			minimizedProjectReferenceProxies = 1;
			preferredProjectObjectVersion = 77;
			productRefGroup = DC4082132D56A961006D1AC0 /* Products */;
			projectDirPath = "";
			projectRoot = "";
			targets = (
				DC4082112D56A961006D1AC0 /* Paradigmatic */,
				DC4082232D56A963006D1AC0 /* ParadigmaticTests */,
				DC40822D2D56A963006D1AC0 /* ParadigmaticUITests */,
			);
		};
/* End PBXProject section */

/* Begin PBXResourcesBuildPhase section */
		DC4082102D56A961006D1AC0 /* Resources */ = {
			isa = PBXResourcesBuildPhase;
			buildActionMask = 2147483647;
			files = (
			);
			runOnlyForDeploymentPostprocessing = 0;
		};
		DC4082222D56A963006D1AC0 /* Resources */ = {
			isa = PBXResourcesBuildPhase;
			buildActionMask = 2147483647;
			files = (
			);
			runOnlyForDeploymentPostprocessing = 0;
		};
		DC40822C2D56A963006D1AC0 /* Resources */ = {
			isa = PBXResourcesBuildPhase;
			buildActionMask = 2147483647;
			files = (
			);
			runOnlyForDeploymentPostprocessing = 0;
		};
/* End PBXResourcesBuildPhase section */

/* Begin PBXSourcesBuildPhase section */
		DC40820E2D56A961006D1AC0 /* Sources */ = {
			isa = PBXSourcesBuildPhase;
			buildActionMask = 2147483647;
			files = (
			);
			runOnlyForDeploymentPostprocessing = 0;
		};
		DC4082202D56A963006D1AC0 /* Sources */ = {
			isa = PBXSourcesBuildPhase;
			buildActionMask = 2147483647;
			files = (
			);
			runOnlyForDeploymentPostprocessing = 0;
		};
		DC40822A2D56A963006D1AC0 /* Sources */ = {
			isa = PBXSourcesBuildPhase;
			buildActionMask = 2147483647;
			files = (
			);
			runOnlyForDeploymentPostprocessing = 0;
		};
/* End PBXSourcesBuildPhase section */

/* Begin PBXTargetDependency section */
		DC4082262D56A963006D1AC0 /* PBXTargetDependency */ = {
			isa = PBXTargetDependency;
			target = DC4082112D56A961006D1AC0 /* Paradigmatic */;
			targetProxy = DC4082252D56A963006D1AC0 /* PBXContainerItemProxy */;
		};
		DC4082302D56A963006D1AC0 /* PBXTargetDependency */ = {
			isa = PBXTargetDependency;
			target = DC4082112D56A961006D1AC0 /* Paradigmatic */;
			targetProxy = DC40822F2D56A963006D1AC0 /* PBXContainerItemProxy */;
		};
/* End PBXTargetDependency section */

/* Begin XCBuildConfiguration section */
		DC4082362D56A963006D1AC0 /* Debug */ = {
			isa = XCBuildConfiguration;
			buildSettings = {
				ALWAYS_SEARCH_USER_PATHS = NO;
				ASSETCATALOG_COMPILER_GENERATE_SWIFT_ASSET_SYMBOL_EXTENSIONS = YES;
				CLANG_ANALYZER_NONNULL = YES;
				CLANG_ANALYZER_NUMBER_OBJECT_CONVERSION = YES_AGGRESSIVE;
				CLANG_CXX_LANGUAGE_STANDARD = "gnu++20";
				CLANG_ENABLE_MODULES = YES;
				CLANG_ENABLE_OBJC_ARC = YES;
				CLANG_ENABLE_OBJC_WEAK = YES;
				CLANG_WARN_BLOCK_CAPTURE_AUTORELEASING = YES;
				CLANG_WARN_BOOL_CONVERSION = YES;
				CLANG_WARN_COMMA = YES;
				CLANG_WARN_CONSTANT_CONVERSION = YES;
				CLANG_WARN_DEPRECATED_OBJC_IMPLEMENTATIONS = YES;
				CLANG_WARN_DIRECT_OBJC_ISA_USAGE = YES_ERROR;
				CLANG_WARN_DOCUMENTATION_COMMENTS = YES;
				CLANG_WARN_EMPTY_BODY = YES;
				CLANG_WARN_ENUM_CONVERSION = YES;
				CLANG_WARN_INFINITE_RECURSION = YES;
				CLANG_WARN_INT_CONVERSION = YES;
				CLANG_WARN_NON_LITERAL_NULL_CONVERSION = YES;
				CLANG_WARN_OBJC_IMPLICIT_RETAIN_SELF = YES;
				CLANG_WARN_OBJC_LITERAL_CONVERSION = YES;
				CLANG_WARN_OBJC_ROOT_CLASS = YES_ERROR;
				CLANG_WARN_QUOTED_INCLUDE_IN_FRAMEWORK_HEADER = YES;
				CLANG_WARN_RANGE_LOOP_ANALYSIS = YES;
				CLANG_WARN_STRICT_PROTOTYPES = YES;
				CLANG_WARN_SUSPICIOUS_MOVE = YES;
				CLANG_WARN_UNGUARDED_AVAILABILITY = YES_AGGRESSIVE;
				CLANG_WARN_UNREACHABLE_CODE = YES;
				CLANG_WARN__DUPLICATE_METHOD_MATCH = YES;
				COPY_PHASE_STRIP = NO;
				DEBUG_INFORMATION_FORMAT = dwarf;
				ENABLE_STRICT_OBJC_MSGSEND = YES;
				ENABLE_TESTABILITY = YES;
				ENABLE_USER_SCRIPT_SANDBOXING = YES;
				GCC_C_LANGUAGE_STANDARD = gnu17;
				GCC_DYNAMIC_NO_PIC = NO;
				GCC_NO_COMMON_BLOCKS = YES;
				GCC_OPTIMIZATION_LEVEL = 0;
				GCC_PREPROCESSOR_DEFINITIONS = (
					"DEBUG=1",
					"$(inherited)",
				);
				GCC_WARN_64_TO_32_BIT_CONVERSION = YES;
				GCC_WARN_ABOUT_RETURN_TYPE = YES_ERROR;
				GCC_WARN_UNDECLARED_SELECTOR = YES;
				GCC_WARN_UNINITIALIZED_AUTOS = YES_AGGRESSIVE;
				GCC_WARN_UNUSED_FUNCTION = YES;
				GCC_WARN_UNUSED_VARIABLE = YES;
				IPHONEOS_DEPLOYMENT_TARGET = 18.2;
				LOCALIZATION_PREFERS_STRING_CATALOGS = YES;
				MTL_ENABLE_DEBUG_INFO = INCLUDE_SOURCE;
				MTL_FAST_MATH = YES;
				ONLY_ACTIVE_ARCH = YES;
				SDKROOT = iphoneos;
				SWIFT_ACTIVE_COMPILATION_CONDITIONS = "DEBUG $(inherited)";
				SWIFT_OPTIMIZATION_LEVEL = "-Onone";
			};
			name = Debug;
		};
		DC4082372D56A963006D1AC0 /* Release */ = {
			isa = XCBuildConfiguration;
			buildSettings = {
				ALWAYS_SEARCH_USER_PATHS = NO;
				ASSETCATALOG_COMPILER_GENERATE_SWIFT_ASSET_SYMBOL_EXTENSIONS = YES;
				CLANG_ANALYZER_NONNULL = YES;
				CLANG_ANALYZER_NUMBER_OBJECT_CONVERSION = YES_AGGRESSIVE;
				CLANG_CXX_LANGUAGE_STANDARD = "gnu++20";
				CLANG_ENABLE_MODULES = YES;
				CLANG_ENABLE_OBJC_ARC = YES;
				CLANG_ENABLE_OBJC_WEAK = YES;
				CLANG_WARN_BLOCK_CAPTURE_AUTORELEASING = YES;
				CLANG_WARN_BOOL_CONVERSION = YES;
				CLANG_WARN_COMMA = YES;
				CLANG_WARN_CONSTANT_CONVERSION = YES;
				CLANG_WARN_DEPRECATED_OBJC_IMPLEMENTATIONS = YES;
				CLANG_WARN_DIRECT_OBJC_ISA_USAGE = YES_ERROR;
				CLANG_WARN_DOCUMENTATION_COMMENTS = YES;
				CLANG_WARN_EMPTY_BODY = YES;
				CLANG_WARN_ENUM_CONVERSION = YES;
				CLANG_WARN_INFINITE_RECURSION = YES;
				CLANG_WARN_INT_CONVERSION = YES;
				CLANG_WARN_NON_LITERAL_NULL_CONVERSION = YES;
				CLANG_WARN_OBJC_IMPLICIT_RETAIN_SELF = YES;
				CLANG_WARN_OBJC_LITERAL_CONVERSION = YES;
				CLANG_WARN_OBJC_ROOT_CLASS = YES_ERROR;
				CLANG_WARN_QUOTED_INCLUDE_IN_FRAMEWORK_HEADER = YES;
				CLANG_WARN_RANGE_LOOP_ANALYSIS = YES;
				CLANG_WARN_STRICT_PROTOTYPES = YES;
				CLANG_WARN_SUSPICIOUS_MOVE = YES;
				CLANG_WARN_UNGUARDED_AVAILABILITY = YES_AGGRESSIVE;
				CLANG_WARN_UNREACHABLE_CODE = YES;
				CLANG_WARN__DUPLICATE_METHOD_MATCH = YES;
				COPY_PHASE_STRIP = NO;
				DEBUG_INFORMATION_FORMAT = "dwarf-with-dsym";
				ENABLE_NS_ASSERTIONS = NO;
				ENABLE_STRICT_OBJC_MSGSEND = YES;
				ENABLE_USER_SCRIPT_SANDBOXING = YES;
				GCC_C_LANGUAGE_STANDARD = gnu17;
				GCC_NO_COMMON_BLOCKS = YES;
				GCC_WARN_64_TO_32_BIT_CONVERSION = YES;
				GCC_WARN_ABOUT_RETURN_TYPE = YES_ERROR;
				GCC_WARN_UNDECLARED_SELECTOR = YES;
				GCC_WARN_UNINITIALIZED_AUTOS = YES_AGGRESSIVE;
				GCC_WARN_UNUSED_FUNCTION = YES;
				GCC_WARN_UNUSED_VARIABLE = YES;
				IPHONEOS_DEPLOYMENT_TARGET = 18.2;
				LOCALIZATION_PREFERS_STRING_CATALOGS = YES;
				MTL_ENABLE_DEBUG_INFO = NO;
				MTL_FAST_MATH = YES;
				SDKROOT = iphoneos;
				SWIFT_COMPILATION_MODE = wholemodule;
				VALIDATE_PRODUCT = YES;
			};
			name = Release;
		};
		DC4082392D56A963006D1AC0 /* Debug */ = {
			isa = XCBuildConfiguration;
			buildSettings = {
				ASSETCATALOG_COMPILER_APPICON_NAME = AppIcon;
				ASSETCATALOG_COMPILER_GLOBAL_ACCENT_COLOR_NAME = AccentColor;
				CODE_SIGN_STYLE = Automatic;
				CURRENT_PROJECT_VERSION = 1;
				DEVELOPMENT_ASSET_PATHS = "\"Paradigmatic/Preview Content\"";
				DEVELOPMENT_TEAM = Q73A225H22;
				ENABLE_PREVIEWS = YES;
				GENERATE_INFOPLIST_FILE = YES;
				INFOPLIST_KEY_UIApplicationSceneManifest_Generation = YES;
				INFOPLIST_KEY_UIApplicationSupportsIndirectInputEvents = YES;
				INFOPLIST_KEY_UILaunchScreen_Generation = YES;
				INFOPLIST_KEY_UISupportedInterfaceOrientations_iPad = "UIInterfaceOrientationPortrait UIInterfaceOrientationPortraitUpsideDown UIInterfaceOrientationLandscapeLeft UIInterfaceOrientationLandscapeRight";
				INFOPLIST_KEY_UISupportedInterfaceOrientations_iPhone = "UIInterfaceOrientationPortrait UIInterfaceOrientationLandscapeLeft UIInterfaceOrientationLandscapeRight";
				LD_RUNPATH_SEARCH_PATHS = (
					"$(inherited)",
					"@executable_path/Frameworks",
				);
				MARKETING_VERSION = 1.0;
				PRODUCT_BUNDLE_IDENTIFIER = com.arunabhdas.paradigmaticapp.Paradigmatic;
				PRODUCT_NAME = "$(TARGET_NAME)";
				SWIFT_EMIT_LOC_STRINGS = YES;
				SWIFT_VERSION = 5.0;
				TARGETED_DEVICE_FAMILY = "1,2";
			};
			name = Debug;
		};
		DC40823A2D56A963006D1AC0 /* Release */ = {
			isa = XCBuildConfiguration;
			buildSettings = {
				ASSETCATALOG_COMPILER_APPICON_NAME = AppIcon;
				ASSETCATALOG_COMPILER_GLOBAL_ACCENT_COLOR_NAME = AccentColor;
				CODE_SIGN_STYLE = Automatic;
				CURRENT_PROJECT_VERSION = 1;
				DEVELOPMENT_ASSET_PATHS = "\"Paradigmatic/Preview Content\"";
				DEVELOPMENT_TEAM = Q73A225H22;
				ENABLE_PREVIEWS = YES;
				GENERATE_INFOPLIST_FILE = YES;
				INFOPLIST_KEY_UIApplicationSceneManifest_Generation = YES;
				INFOPLIST_KEY_UIApplicationSupportsIndirectInputEvents = YES;
				INFOPLIST_KEY_UILaunchScreen_Generation = YES;
				INFOPLIST_KEY_UISupportedInterfaceOrientations_iPad = "UIInterfaceOrientationPortrait UIInterfaceOrientationPortraitUpsideDown UIInterfaceOrientationLandscapeLeft UIInterfaceOrientationLandscapeRight";
				INFOPLIST_KEY_UISupportedInterfaceOrientations_iPhone = "UIInterfaceOrientationPortrait UIInterfaceOrientationLandscapeLeft UIInterfaceOrientationLandscapeRight";
				LD_RUNPATH_SEARCH_PATHS = (
					"$(inherited)",
					"@executable_path/Frameworks",
				);
				MARKETING_VERSION = 1.0;
				PRODUCT_BUNDLE_IDENTIFIER = com.arunabhdas.paradigmaticapp.Paradigmatic;
				PRODUCT_NAME = "$(TARGET_NAME)";
				SWIFT_EMIT_LOC_STRINGS = YES;
				SWIFT_VERSION = 5.0;
				TARGETED_DEVICE_FAMILY = "1,2";
			};
			name = Release;
		};
		DC40823C2D56A963006D1AC0 /* Debug */ = {
			isa = XCBuildConfiguration;
			buildSettings = {
				BUNDLE_LOADER = "$(TEST_HOST)";
				CODE_SIGN_STYLE = Automatic;
				CURRENT_PROJECT_VERSION = 1;
				DEVELOPMENT_TEAM = Q73A225H22;
				GENERATE_INFOPLIST_FILE = YES;
				IPHONEOS_DEPLOYMENT_TARGET = 18.2;
				MARKETING_VERSION = 1.0;
				PRODUCT_BUNDLE_IDENTIFIER = com.arunabhdas.paradigmaticapp.ParadigmaticTests;
				PRODUCT_NAME = "$(TARGET_NAME)";
				SWIFT_EMIT_LOC_STRINGS = NO;
				SWIFT_VERSION = 5.0;
				TARGETED_DEVICE_FAMILY = "1,2";
				TEST_HOST = "$(BUILT_PRODUCTS_DIR)/Paradigmatic.app/$(BUNDLE_EXECUTABLE_FOLDER_PATH)/Paradigmatic";
			};
			name = Debug;
		};
		DC40823D2D56A963006D1AC0 /* Release */ = {
			isa = XCBuildConfiguration;
			buildSettings = {
				BUNDLE_LOADER = "$(TEST_HOST)";
				CODE_SIGN_STYLE = Automatic;
				CURRENT_PROJECT_VERSION = 1;
				DEVELOPMENT_TEAM = Q73A225H22;
				GENERATE_INFOPLIST_FILE = YES;
				IPHONEOS_DEPLOYMENT_TARGET = 18.2;
				MARKETING_VERSION = 1.0;
				PRODUCT_BUNDLE_IDENTIFIER = com.arunabhdas.paradigmaticapp.ParadigmaticTests;
				PRODUCT_NAME = "$(TARGET_NAME)";
				SWIFT_EMIT_LOC_STRINGS = NO;
				SWIFT_VERSION = 5.0;
				TARGETED_DEVICE_FAMILY = "1,2";
				TEST_HOST = "$(BUILT_PRODUCTS_DIR)/Paradigmatic.app/$(BUNDLE_EXECUTABLE_FOLDER_PATH)/Paradigmatic";
			};
			name = Release;
		};
		DC40823F2D56A963006D1AC0 /* Debug */ = {
			isa = XCBuildConfiguration;
			buildSettings = {
				CODE_SIGN_STYLE = Automatic;
				CURRENT_PROJECT_VERSION = 1;
				DEVELOPMENT_TEAM = Q73A225H22;
				GENERATE_INFOPLIST_FILE = YES;
				MARKETING_VERSION = 1.0;
				PRODUCT_BUNDLE_IDENTIFIER = com.arunabhdas.paradigmaticapp.ParadigmaticUITests;
				PRODUCT_NAME = "$(TARGET_NAME)";
				SWIFT_EMIT_LOC_STRINGS = NO;
				SWIFT_VERSION = 5.0;
				TARGETED_DEVICE_FAMILY = "1,2";
				TEST_TARGET_NAME = Paradigmatic;
			};
			name = Debug;
		};
		DC4082402D56A963006D1AC0 /* Release */ = {
			isa = XCBuildConfiguration;
			buildSettings = {
				CODE_SIGN_STYLE = Automatic;
				CURRENT_PROJECT_VERSION = 1;
				DEVELOPMENT_TEAM = Q73A225H22;
				GENERATE_INFOPLIST_FILE = YES;
				MARKETING_VERSION = 1.0;
				PRODUCT_BUNDLE_IDENTIFIER = com.arunabhdas.paradigmaticapp.ParadigmaticUITests;
				PRODUCT_NAME = "$(TARGET_NAME)";
				SWIFT_EMIT_LOC_STRINGS = NO;
				SWIFT_VERSION = 5.0;
				TARGETED_DEVICE_FAMILY = "1,2";
				TEST_TARGET_NAME = Paradigmatic;
			};
			name = Release;
		};
/* End XCBuildConfiguration section */

/* Begin XCConfigurationList section */
		DC40820D2D56A961006D1AC0 /* Build configuration list for PBXProject "Paradigmatic" */ = {
			isa = XCConfigurationList;
			buildConfigurations = (
				DC4082362D56A963006D1AC0 /* Debug */,
				DC4082372D56A963006D1AC0 /* Release */,
			);
			defaultConfigurationIsVisible = 0;
			defaultConfigurationName = Release;
		};
		DC4082382D56A963006D1AC0 /* Build configuration list for PBXNativeTarget "Paradigmatic" */ = {
			isa = XCConfigurationList;
			buildConfigurations = (
				DC4082392D56A963006D1AC0 /* Debug */,
				DC40823A2D56A963006D1AC0 /* Release */,
			);
			defaultConfigurationIsVisible = 0;
			defaultConfigurationName = Release;
		};
		DC40823B2D56A963006D1AC0 /* Build configuration list for PBXNativeTarget "ParadigmaticTests" */ = {
			isa = XCConfigurationList;
			buildConfigurations = (
				DC40823C2D56A963006D1AC0 /* Debug */,
				DC40823D2D56A963006D1AC0 /* Release */,
			);
			defaultConfigurationIsVisible = 0;
			defaultConfigurationName = Release;
		};
		DC40823E2D56A963006D1AC0 /* Build configuration list for PBXNativeTarget "ParadigmaticUITests" */ = {
			isa = XCConfigurationList;
			buildConfigurations = (
				DC40823F2D56A963006D1AC0 /* Debug */,
				DC4082402D56A963006D1AC0 /* Release */,
			);
			defaultConfigurationIsVisible = 0;
			defaultConfigurationName = Release;
		};
/* End XCConfigurationList section */
	};
	rootObject = DC40820A2D56A961006D1AC0 /* Project object */;
}
